
Microsoft Visual Studio Solution File, Format Version 12.00
# Visual Studio Version 17
VisualStudioVersion = 17.3.32922.545
MinimumVisualStudioVersion = 10.0.40219.1
Project("{8BC9CEB8-8B4A-11D0-8D11-00A0C91BC942}") = "Lab_2", "Lab_2.vcxproj", "{29B5E8B5-D5FC-49D0-BDA2-8FA9A5738808}"
EndProject
Global
	GlobalSection(SolutionConfigurationPlatforms) = preSolution
		Debug|x64 = Debug|x64
		Debug|x86 = Debug|x86
		Release|x64 = Release|x64
		Release|x86 = Release|x86
	EndGlobalSection
	GlobalSection(ProjectConfigurationPlatforms) = postSolution
		{29B5E8B5-D5FC-49D0-BDA2-8FA9A5738808}.Debug|x64.ActiveCfg = Debug|x64
		{29B5E8B5-D5FC-49D0-BDA2-8FA9A5738808}.Debug|x64.Build.0 = Debug|x64
		{29B5E8B5-D5FC-49D0-BDA2-8FA9A5738808}.Debug|x86.ActiveCfg = Debug|Win32
		{29B5E8B5-D5FC-49D0-BDA2-8FA9A5738808}.Debug|x86.Build.0 = Debug|Win32
		{29B5E8B5-D5FC-49D0-BDA2-8FA9A5738808}.Release|x64.ActiveCfg = Release|x64
		{29B5E8B5-D5FC-49D0-BDA2-8FA9A5738808}.Release|x64.Build.0 = Release|x64
		{29B5E8B5-D5FC-49D0-BDA2-8FA9A5738808}.Release|x86.ActiveCfg = Release|Win32
		{29B5E8B5-D5FC-49D0-BDA2-8FA9A5738808}.Release|x86.Build.0 = Release|Win32
	EndGlobalSection
	GlobalSection(SolutionProperties) = preSolution
		HideSolutionNode = FALSE
	EndGlobalSection
	GlobalSection(ExtensibilityGlobals) = postSolution
		SolutionGuid = {3C496B7A-A57E-4DC7-9BBB-826146E2C409}
	EndGlobalSection
EndGlobal
